
Microsoft Visual Studio Solution File, Format Version 12.00
# Visual Studio Version 17
VisualStudioVersion = 17.11.35222.181
MinimumVisualStudioVersion = 10.0.40219.1
Project("{FAE04EC0-301F-11D3-BF4B-00C04F79EFBC}") = "Identyfikacja", "Identyfikacja.csproj", "{812A3AF5-7526-478A-B0CF-0B5F362166DE}"
EndProject
Global
	GlobalSection(SolutionConfigurationPlatforms) = preSolution
		Debug|Any CPU = Debug|Any CPU
		Release|Any CPU = Release|Any CPU
	EndGlobalSection
	GlobalSection(ProjectConfigurationPlatforms) = postSolution
		{812A3AF5-7526-478A-B0CF-0B5F362166DE}.Debug|Any CPU.ActiveCfg = Debug|Any CPU
		{812A3AF5-7526-478A-B0CF-0B5F362166DE}.Debug|Any CPU.Build.0 = Debug|Any CPU
		{812A3AF5-7526-478A-B0CF-0B5F362166DE}.Release|Any CPU.ActiveCfg = Release|Any CPU
		{812A3AF5-7526-478A-B0CF-0B5F362166DE}.Release|Any CPU.Build.0 = Release|Any CPU
	EndGlobalSection
	GlobalSection(SolutionProperties) = preSolution
		HideSolutionNode = FALSE
	EndGlobalSection
	GlobalSection(ExtensibilityGlobals) = postSolution
		SolutionGuid = {0A1837EE-FDD0-4B5A-A8E3-25D7560267A2}
	EndGlobalSection
EndGlobal
